
Microsoft Visual Studio Solution File, Format Version 12.00
# Visual Studio Version 17
VisualStudioVersion = 17.7.34018.315
MinimumVisualStudioVersion = 10.0.40219.1
Project("{FAE04EC0-301F-11D3-BF4B-00C04F79EFBC}") = "DmcHashCheck", "DmcHashCheck\DmcHashCheck.csproj", "{BD90C2BF-E9BC-4FE3-BB1C-FC6351EC112C}"
EndProject
Global
	GlobalSection(SolutionConfigurationPlatforms) = preSolution
		Debug|Any CPU = Debug|Any CPU
		Release|Any CPU = Release|Any CPU
	EndGlobalSection
	GlobalSection(ProjectConfigurationPlatforms) = postSolution
		{BD90C2BF-E9BC-4FE3-BB1C-FC6351EC112C}.Debug|Any CPU.ActiveCfg = Debug|Any CPU
		{BD90C2BF-E9BC-4FE3-BB1C-FC6351EC112C}.Debug|Any CPU.Build.0 = Debug|Any CPU
		{BD90C2BF-E9BC-4FE3-BB1C-FC6351EC112C}.Release|Any CPU.ActiveCfg = Release|Any CPU
		{BD90C2BF-E9BC-4FE3-BB1C-FC6351EC112C}.Release|Any CPU.Build.0 = Release|Any CPU
	EndGlobalSection
	GlobalSection(SolutionProperties) = preSolution
		HideSolutionNode = FALSE
	EndGlobalSection
	GlobalSection(ExtensibilityGlobals) = postSolution
		SolutionGuid = {B8E56FA2-6358-40C7-860A-43A3F56C7F94}
	EndGlobalSection
EndGlobal
